{
    "_meta": {
        "hash": {
            "sha256": "5efba13c3a2276222e80c1ec03c6e911d3e18d7124678b0fbedd487ec1b061ce"
        },
        "pipfile-spec": 6,
        "requires": {
            "python_version": "3.7"
        },
        "sources": [
            {
                "name": "pypi",
                "url": "https://pypi.org/simple",
                "verify_ssl": true
            }
        ]
    },
    "default": {
        "amqp": {
            "hashes": [
                "sha256:1e5f707424e544078ca196e72ae6a14887ce74e02bd126be54b7c03c971bef18",
                "sha256:9cd81f7b023fc04bbb108718fbac674f06901b77bfcdce85b10e2a5d0ee91be5"
            ],
            "markers": "python_version >= '3.6'",
            "version": "==5.0.9"
        },
        "aniso8601": {
            "hashes": [
                "sha256:1d2b7ef82963909e93c4f24ce48d4de9e66009a21bf1c1e1c85bdd0812fe412f",
                "sha256:72e3117667eedf66951bb2d93f4296a56b94b078a8a95905a052611fb3f1b973"
            ],
            "version": "==9.0.1"
        },
        "attrs": {
            "hashes": [
                "sha256:2d27e3784d7a565d36ab851fe94887c5eccd6a463168875832a1be79c82828b4",
                "sha256:626ba8234211db98e869df76230a137c4c40a12d72445c45d5f5b716f076e2fd"
            ],
            "markers": "python_version >= '2.7' and python_version not in '3.0, 3.1, 3.2, 3.3, 3.4'",
            "version": "==21.4.0"
        },
        "billiard": {
            "hashes": [
                "sha256:299de5a8da28a783d51b197d496bef4f1595dd023a93a4f59dde1886ae905547",
                "sha256:87103ea78fa6ab4d5c751c4909bcff74617d985de7fa8b672cf8618afd5a875b"
            ],
            "version": "==3.6.4.0"
        },
        "cached-property": {
            "hashes": [
                "sha256:9fa5755838eecbb2d234c3aa390bd80fbd3ac6b6869109bfc1b499f7bd89a130",
                "sha256:df4f613cf7ad9a588cc381aaf4a512d26265ecebd5eb9e1ba12f1319eb85a6a0"
            ],
            "markers": "python_version < '3.8'",
            "version": "==1.5.2"
        },
        "celery": {
            "hashes": [
                "sha256:2844eb040e915398623a43253a8e1016723442ece6b0751a3c416d8a2b34216f",
                "sha256:5a68a351076cfac4f678fa5ffd898105c28825a2224902da006970005196d061"
            ],
            "index": "pypi",
            "version": "==5.2.2"
        },
        "certifi": {
            "hashes": [
                "sha256:78884e7c1d4b00ce3cea67b44566851c4343c120abd683433ce934a68ea58872",
                "sha256:d62a0163eb4c2344ac042ab2bdf75399a71a2d8c7d47eac2e2ee91b9d6339569"
            ],
            "version": "==2021.10.8"
        },
        "click": {
            "hashes": [
                "sha256:353f466495adaeb40b6b5f592f9f91cb22372351c84caeb068132442a4518ef3",
                "sha256:410e932b050f5eed773c4cda94de75971c89cdb3155a72a0831139a79e5ecb5b"
            ],
            "markers": "python_version >= '3.6'",
            "version": "==8.0.3"
        },
        "click-didyoumean": {
            "hashes": [
                "sha256:a0713dc7a1de3f06bc0df5a9567ad19ead2d3d5689b434768a6145bff77c0667",
                "sha256:f184f0d851d96b6d29297354ed981b7dd71df7ff500d82fa6d11f0856bee8035"
            ],
            "markers": "python_version < '4' and python_full_version >= '3.6.2'",
            "version": "==0.3.0"
        },
        "click-plugins": {
            "hashes": [
                "sha256:46ab999744a9d831159c3411bb0c79346d94a444df9a3a3742e9ed63645f264b",
                "sha256:5d262006d3222f5057fd81e1623d4443e41dcda5dc815c06b442aa3c02889fc8"
            ],
            "version": "==1.1.1"
        },
        "click-repl": {
            "hashes": [
                "sha256:94b3fbbc9406a236f176e0506524b2937e4b23b6f4c0c0b2a0a83f8a64e9194b",
                "sha256:cd12f68d745bf6151210790540b4cb064c7b13e571bc64b6957d98d120dacfd8"
            ],
            "version": "==0.2.0"
        },
        "elasticsearch": {
            "hashes": [
                "sha256:23ac0afb4398c48990e359ac73ab6963741bd05321345299c62d9d23e209eee2",
                "sha256:c05aa792a52b1e6ad9d226340dc19165c4a491ac48fbd91af51ec839bf953210"
            ],
            "markers": "python_version >= '2.7' and python_version not in '3.0, 3.1, 3.2, 3.3' and python_version < '4'",
            "version": "==7.16.2"
        },
        "elasticsearch-dsl": {
            "hashes": [
                "sha256:3e3a5dbec143b8142c3db3710610306fc6294ba0d7a14403694b2dbc2d3ed641",
                "sha256:3f860e0304d703f63b458fea3782f09a823ab07da7ee84ae4bff1aa63e22aedb"
            ],
            "index": "pypi",
            "version": "==7.1.0"
        },
        "flask": {
            "hashes": [
                "sha256:13f9f196f330c7c2c5d7a5cf91af894110ca0215ac051b5844701f2bfd934d52",
                "sha256:45eb5a6fd193d6cf7e0cf5d8a5b31f83d5faae0293695626f539a823e93b13f6"
            ],
            "index": "pypi",
            "version": "==1.1.1"
        },
        "flask-http-response": {
            "hashes": [
                "sha256:6351fdcfabde8dd0b9998e39eda21b54165a3fb39f672e5d51761a56fac61463",
                "sha256:9172d11715c764f8834aef1086d0321d8559d2747aeb52be67db8af19957032f"
            ],
            "index": "pypi",
            "version": "==0.0.1.0"
        },
        "flask-mongoengine": {
            "hashes": [
                "sha256:0f426aeafc4be2c37e9b4c0f8b5d02d012b7afc4b3b97a4119024684fe148fc1",
                "sha256:b6376b33cd1e624c09983a0884dc87303e54084f0e6b7f8df6794d56d35fa66f"
            ],
            "index": "pypi",
            "version": "==0.9.5"
        },
        "flask-restful": {
            "hashes": [
                "sha256:ecd620c5cc29f663627f99e04f17d1f16d095c83dc1d618426e2ad68b03092f8",
                "sha256:f8240ec12349afe8df1db168ea7c336c4e5b0271a36982bff7394f93275f2ca9"
            ],
            "index": "pypi",
            "version": "==0.3.7"
        },
        "flask-sqlalchemy": {
            "hashes": [
                "sha256:0078d8663330dc05a74bc72b3b6ddc441b9a744e2f56fe60af1a5bfc81334327",
                "sha256:6974785d913666587949f7c2946f7001e4fa2cb2d19f4e69ead02e4b8f50b33d"
            ],
            "index": "pypi",
            "version": "==2.4.1"
        },
        "flask-wtf": {
            "hashes": [
                "sha256:01feccfc395405cea48a3f36c23f0d766e2cc6fd2a5a065ad50ad3e5827ec797",
                "sha256:872fbb17b5888bfc734edbdcf45bc08fb365ca39f69d25dc752465a455517b28"
            ],
            "markers": "python_version >= '3.6'",
            "version": "==1.0.0"
        },
        "greenlet": {
            "hashes": [
                "sha256:0051c6f1f27cb756ffc0ffbac7d2cd48cb0362ac1736871399a739b2885134d3",
                "sha256:00e44c8afdbe5467e4f7b5851be223be68adb4272f44696ee71fe46b7036a711",
                "sha256:013d61294b6cd8fe3242932c1c5e36e5d1db2c8afb58606c5a67efce62c1f5fd",
                "sha256:049fe7579230e44daef03a259faa24511d10ebfa44f69411d99e6a184fe68073",
                "sha256:14d4f3cd4e8b524ae9b8aa567858beed70c392fdec26dbdb0a8a418392e71708",
                "sha256:166eac03e48784a6a6e0e5f041cfebb1ab400b394db188c48b3a84737f505b67",
                "sha256:17ff94e7a83aa8671a25bf5b59326ec26da379ace2ebc4411d690d80a7fbcf23",
                "sha256:1e12bdc622676ce47ae9abbf455c189e442afdde8818d9da983085df6312e7a1",
                "sha256:21915eb821a6b3d9d8eefdaf57d6c345b970ad722f856cd71739493ce003ad08",
                "sha256:288c6a76705dc54fba69fbcb59904ae4ad768b4c768839b8ca5fdadec6dd8cfd",
                "sha256:2bde6792f313f4e918caabc46532aa64aa27a0db05d75b20edfc5c6f46479de2",
                "sha256:32ca72bbc673adbcfecb935bb3fb1b74e663d10a4b241aaa2f5a75fe1d1f90aa",
                "sha256:356b3576ad078c89a6107caa9c50cc14e98e3a6c4874a37c3e0273e4baf33de8",
                "sha256:40b951f601af999a8bf2ce8c71e8aaa4e8c6f78ff8afae7b808aae2dc50d4c40",
                "sha256:572e1787d1460da79590bf44304abbc0a2da944ea64ec549188fa84d89bba7ab",
                "sha256:58df5c2a0e293bf665a51f8a100d3e9956febfbf1d9aaf8c0677cf70218910c6",
                "sha256:64e6175c2e53195278d7388c454e0b30997573f3f4bd63697f88d855f7a6a1fc",
                "sha256:7227b47e73dedaa513cdebb98469705ef0d66eb5a1250144468e9c3097d6b59b",
                "sha256:7418b6bfc7fe3331541b84bb2141c9baf1ec7132a7ecd9f375912eca810e714e",
                "sha256:7cbd7574ce8e138bda9df4efc6bf2ab8572c9aff640d8ecfece1b006b68da963",
                "sha256:7ff61ff178250f9bb3cd89752df0f1dd0e27316a8bd1465351652b1b4a4cdfd3",
                "sha256:833e1551925ed51e6b44c800e71e77dacd7e49181fdc9ac9a0bf3714d515785d",
                "sha256:8639cadfda96737427330a094476d4c7a56ac03de7265622fcf4cfe57c8ae18d",
                "sha256:8c5d5b35f789a030ebb95bff352f1d27a93d81069f2adb3182d99882e095cefe",
                "sha256:8c790abda465726cfb8bb08bd4ca9a5d0a7bd77c7ac1ca1b839ad823b948ea28",
                "sha256:8d2f1fb53a421b410751887eb4ff21386d119ef9cde3797bf5e7ed49fb51a3b3",
                "sha256:903bbd302a2378f984aef528f76d4c9b1748f318fe1294961c072bdc7f2ffa3e",
                "sha256:93f81b134a165cc17123626ab8da2e30c0455441d4ab5576eed73a64c025b25c",
                "sha256:95e69877983ea39b7303570fa6760f81a3eec23d0e3ab2021b7144b94d06202d",
                "sha256:9633b3034d3d901f0a46b7939f8c4d64427dfba6bbc5a36b1a67364cf148a1b0",
                "sha256:97e5306482182170ade15c4b0d8386ded995a07d7cc2ca8f27958d34d6736497",
                "sha256:9f3cba480d3deb69f6ee2c1825060177a22c7826431458c697df88e6aeb3caee",
                "sha256:aa5b467f15e78b82257319aebc78dd2915e4c1436c3c0d1ad6f53e47ba6e2713",
                "sha256:abb7a75ed8b968f3061327c433a0fbd17b729947b400747c334a9c29a9af6c58",
                "sha256:aec52725173bd3a7b56fe91bc56eccb26fbdff1386ef123abb63c84c5b43b63a",
                "sha256:b11548073a2213d950c3f671aa88e6f83cda6e2fb97a8b6317b1b5b33d850e06",
                "sha256:b1692f7d6bc45e3200844be0dba153612103db241691088626a33ff1f24a0d88",
                "sha256:b336501a05e13b616ef81ce329c0e09ac5ed8c732d9ba7e3e983fcc1a9e86965",
                "sha256:b8c008de9d0daba7b6666aa5bbfdc23dcd78cafc33997c9b7741ff6353bafb7f",
                "sha256:b92e29e58bef6d9cfd340c72b04d74c4b4e9f70c9fa7c78b674d1fec18896dc4",
                "sha256:be5f425ff1f5f4b3c1e33ad64ab994eed12fc284a6ea71c5243fd564502ecbe5",
                "sha256:dd0b1e9e891f69e7675ba5c92e28b90eaa045f6ab134ffe70b52e948aa175b3c",
                "sha256:e30f5ea4ae2346e62cedde8794a56858a67b878dd79f7df76a0767e356b1744a",
                "sha256:e6a36bb9474218c7a5b27ae476035497a6990e21d04c279884eb10d9b290f1b1",
                "sha256:e859fcb4cbe93504ea18008d1df98dee4f7766db66c435e4882ab35cf70cac43",
                "sha256:eb6ea6da4c787111adf40f697b4e58732ee0942b5d3bd8f435277643329ba627",
                "sha256:ec8c433b3ab0419100bd45b47c9c8551248a5aee30ca5e9d399a0b57ac04651b",
                "sha256:eff9d20417ff9dcb0d25e2defc2574d10b491bf2e693b4e491914738b7908168",
                "sha256:f0214eb2a23b85528310dad848ad2ac58e735612929c8072f6093f3585fd342d",
                "sha256:f276df9830dba7a333544bd41070e8175762a7ac20350786b322b714b0e654f5",
                "sha256:f3acda1924472472ddd60c29e5b9db0cec629fbe3c5c5accb74d6d6d14773478",
                "sha256:f70a9e237bb792c7cc7e44c531fd48f5897961701cdaa06cf22fc14965c496cf",
                "sha256:f9d29ca8a77117315101425ec7ec2a47a22ccf59f5593378fc4077ac5b754fce",
                "sha256:fa877ca7f6b48054f847b61d6fa7bed5cebb663ebc55e018fda12db09dcc664c",
                "sha256:fdcec0b8399108577ec290f55551d926d9a1fa6cad45882093a7a07ac5ec147b"
            ],
            "markers": "python_version >= '3' and platform_machine == 'aarch64' or (platform_machine == 'ppc64le' or (platform_machine == 'x86_64' or (platform_machine == 'amd64' or (platform_machine == 'AMD64' or (platform_machine == 'win32' or platform_machine == 'WIN32')))))",
            "version": "==1.1.2"
        },
        "importlib-metadata": {
            "hashes": [
                "sha256:92a8b58ce734b2a4494878e0ecf7d79ccd7a128b5fc6014c401e0b61f006f0f6",
                "sha256:b7cf7d3fef75f1e4c80a96ca660efbd51473d7e8f39b5ab9210febc7809012a4"
            ],
            "markers": "python_version < '3.8'",
            "version": "==4.10.0"
        },
        "itsdangerous": {
            "hashes": [
                "sha256:5174094b9637652bdb841a3029700391451bd092ba3db90600dea710ba28e97c",
                "sha256:9e724d68fc22902a1435351f84c3fb8623f303fffcc566a4cb952df8c572cff0"
            ],
            "markers": "python_version >= '3.6'",
            "version": "==2.0.1"
        },
        "jinja2": {
            "hashes": [
                "sha256:077ce6014f7b40d03b47d1f1ca4b0fc8328a692bd284016f806ed0eaca390ad8",
                "sha256:611bb273cd68f3b993fabdc4064fc858c5b47a973cb5aa7999ec1ba405c87cd7"
            ],
            "markers": "python_version >= '3.6'",
            "version": "==3.0.3"
        },
        "kombu": {
            "hashes": [
                "sha256:81a90c1de97e08d3db37dbf163eaaf667445e1068c98bfd89f051a40e9f6dbbd",
                "sha256:eeaeb8024f3a5cfc71c9250e45cddb8493f269d74ada2f74909a93c59c4b4179"
            ],
            "markers": "python_version >= '3.7'",
            "version": "==5.2.3"
        },
        "markupsafe": {
            "hashes": [
                "sha256:01a9b8ea66f1658938f65b93a85ebe8bc016e6769611be228d797c9d998dd298",
                "sha256:023cb26ec21ece8dc3907c0e8320058b2e0cb3c55cf9564da612bc325bed5e64",
                "sha256:0446679737af14f45767963a1a9ef7620189912317d095f2d9ffa183a4d25d2b",
                "sha256:04635854b943835a6ea959e948d19dcd311762c5c0c6e1f0e16ee57022669194",
                "sha256:0717a7390a68be14b8c793ba258e075c6f4ca819f15edfc2a3a027c823718567",
                "sha256:0955295dd5eec6cb6cc2fe1698f4c6d84af2e92de33fbcac4111913cd100a6ff",
                "sha256:0d4b31cc67ab36e3392bbf3862cfbadac3db12bdd8b02a2731f509ed5b829724",
                "sha256:10f82115e21dc0dfec9ab5c0223652f7197feb168c940f3ef61563fc2d6beb74",
                "sha256:168cd0a3642de83558a5153c8bd34f175a9a6e7f6dc6384b9655d2697312a646",
                "sha256:1d609f577dc6e1aa17d746f8bd3c31aa4d258f4070d61b2aa5c4166c1539de35",
                "sha256:1f2ade76b9903f39aa442b4aadd2177decb66525062db244b35d71d0ee8599b6",
                "sha256:20dca64a3ef2d6e4d5d615a3fd418ad3bde77a47ec8a23d984a12b5b4c74491a",
                "sha256:2a7d351cbd8cfeb19ca00de495e224dea7e7d919659c2841bbb7f420ad03e2d6",
                "sha256:2d7d807855b419fc2ed3e631034685db6079889a1f01d5d9dac950f764da3dad",
                "sha256:2ef54abee730b502252bcdf31b10dacb0a416229b72c18b19e24a4509f273d26",
                "sha256:36bc903cbb393720fad60fc28c10de6acf10dc6cc883f3e24ee4012371399a38",
                "sha256:37205cac2a79194e3750b0af2a5720d95f786a55ce7df90c3af697bfa100eaac",
                "sha256:3c112550557578c26af18a1ccc9e090bfe03832ae994343cfdacd287db6a6ae7",
                "sha256:3dd007d54ee88b46be476e293f48c85048603f5f516008bee124ddd891398ed6",
                "sha256:4296f2b1ce8c86a6aea78613c34bb1a672ea0e3de9c6ba08a960efe0b0a09047",
                "sha256:47ab1e7b91c098ab893b828deafa1203de86d0bc6ab587b160f78fe6c4011f75",
                "sha256:49e3ceeabbfb9d66c3aef5af3a60cc43b85c33df25ce03d0031a608b0a8b2e3f",
                "sha256:4dc8f9fb58f7364b63fd9f85013b780ef83c11857ae79f2feda41e270468dd9b",
                "sha256:4efca8f86c54b22348a5467704e3fec767b2db12fc39c6d963168ab1d3fc9135",
                "sha256:53edb4da6925ad13c07b6d26c2a852bd81e364f95301c66e930ab2aef5b5ddd8",
                "sha256:5855f8438a7d1d458206a2466bf82b0f104a3724bf96a1c781ab731e4201731a",
                "sha256:594c67807fb16238b30c44bdf74f36c02cdf22d1c8cda91ef8a0ed8dabf5620a",
                "sha256:5b6d930f030f8ed98e3e6c98ffa0652bdb82601e7a016ec2ab5d7ff23baa78d1",
                "sha256:5bb28c636d87e840583ee3adeb78172efc47c8b26127267f54a9c0ec251d41a9",
                "sha256:60bf42e36abfaf9aff1f50f52644b336d4f0a3fd6d8a60ca0d054ac9f713a864",
                "sha256:611d1ad9a4288cf3e3c16014564df047fe08410e628f89805e475368bd304914",
                "sha256:6300b8454aa6930a24b9618fbb54b5a68135092bc666f7b06901f897fa5c2fee",
                "sha256:63f3268ba69ace99cab4e3e3b5840b03340efed0948ab8f78d2fd87ee5442a4f",
                "sha256:6557b31b5e2c9ddf0de32a691f2312a32f77cd7681d8af66c2692efdbef84c18",
                "sha256:693ce3f9e70a6cf7d2fb9e6c9d8b204b6b39897a2c4a1aa65728d5ac97dcc1d8",
                "sha256:6a7fae0dd14cf60ad5ff42baa2e95727c3d81ded453457771d02b7d2b3f9c0c2",
                "sha256:6c4ca60fa24e85fe25b912b01e62cb969d69a23a5d5867682dd3e80b5b02581d",
                "sha256:6fcf051089389abe060c9cd7caa212c707e58153afa2c649f00346ce6d260f1b",
                "sha256:7d91275b0245b1da4d4cfa07e0faedd5b0812efc15b702576d103293e252af1b",
                "sha256:89c687013cb1cd489a0f0ac24febe8c7a666e6e221b783e53ac50ebf68e45d86",
                "sha256:8d206346619592c6200148b01a2142798c989edcb9c896f9ac9722a99d4e77e6",
                "sha256:905fec760bd2fa1388bb5b489ee8ee5f7291d692638ea5f67982d968366bef9f",
                "sha256:97383d78eb34da7e1fa37dd273c20ad4320929af65d156e35a5e2d89566d9dfb",
                "sha256:984d76483eb32f1bcb536dc27e4ad56bba4baa70be32fa87152832cdd9db0833",
                "sha256:99df47edb6bda1249d3e80fdabb1dab8c08ef3975f69aed437cb69d0a5de1e28",
                "sha256:9f02365d4e99430a12647f09b6cc8bab61a6564363f313126f775eb4f6ef798e",
                "sha256:a30e67a65b53ea0a5e62fe23682cfe22712e01f453b95233b25502f7c61cb415",
                "sha256:ab3ef638ace319fa26553db0624c4699e31a28bb2a835c5faca8f8acf6a5a902",
                "sha256:aca6377c0cb8a8253e493c6b451565ac77e98c2951c45f913e0b52facdcff83f",
                "sha256:add36cb2dbb8b736611303cd3bfcee00afd96471b09cda130da3581cbdc56a6d",
                "sha256:b2f4bf27480f5e5e8ce285a8c8fd176c0b03e93dcc6646477d4630e83440c6a9",
                "sha256:b7f2d075102dc8c794cbde1947378051c4e5180d52d276987b8d28a3bd58c17d",
                "sha256:baa1a4e8f868845af802979fcdbf0bb11f94f1cb7ced4c4b8a351bb60d108145",
                "sha256:be98f628055368795d818ebf93da628541e10b75b41c559fdf36d104c5787066",
                "sha256:bf5d821ffabf0ef3533c39c518f3357b171a1651c1ff6827325e4489b0e46c3c",
                "sha256:c47adbc92fc1bb2b3274c4b3a43ae0e4573d9fbff4f54cd484555edbf030baf1",
                "sha256:cdfba22ea2f0029c9261a4bd07e830a8da012291fbe44dc794e488b6c9bb353a",
                "sha256:d6c7ebd4e944c85e2c3421e612a7057a2f48d478d79e61800d81468a8d842207",
                "sha256:d7f9850398e85aba693bb640262d3611788b1f29a79f0c93c565694658f4071f",
                "sha256:d8446c54dc28c01e5a2dbac5a25f071f6653e6e40f3a8818e8b45d790fe6ef53",
                "sha256:deb993cacb280823246a026e3b2d81c493c53de6acfd5e6bfe31ab3402bb37dd",
                "sha256:e0f138900af21926a02425cf736db95be9f4af72ba1bb21453432a07f6082134",
                "sha256:e9936f0b261d4df76ad22f8fee3ae83b60d7c3e871292cd42f40b81b70afae85",
                "sha256:f0567c4dc99f264f49fe27da5f735f414c4e7e7dd850cfd8e69f0862d7c74ea9",
                "sha256:f5653a225f31e113b152e56f154ccbe59eeb1c7487b39b9d9f9cdb58e6c79dc5",
                "sha256:f826e31d18b516f653fe296d967d700fddad5901ae07c622bb3705955e1faa94",
                "sha256:f8ba0e8349a38d3001fae7eadded3f6606f0da5d748ee53cc1dab1d6527b9509",
                "sha256:f9081981fe268bd86831e5c75f7de206ef275defcb82bc70740ae6dc507aee51",
                "sha256:fa130dd50c57d53368c9d59395cb5526eda596d3ffe36666cd81a44d56e48872"
            ],
            "markers": "python_version >= '3.6'",
            "version": "==2.0.1"
        },
        "marshmallow": {
            "hashes": [
                "sha256:0ba81b6da4ae69eb229b74b3c741ff13fe04fb899824377b1aff5aaa1a9fd46e",
                "sha256:3e53dd9e9358977a3929e45cdbe4a671f9eff53a7d6a23f33ed3eab8c1890d8f"
            ],
            "index": "pypi",
            "version": "==3.3.0"
        },
        "mongoengine": {
            "hashes": [
                "sha256:3d1c8b9f5d43144bd726a3f01e58d2831c6fb112960a4a60b3a26fa85e026ab3",
                "sha256:de275e70cd58891dc46eef43369c522ce450dccb6d6f1979cbc9b93e6bdaf6cb"
            ],
            "markers": "python_version >= '3.6'",
            "version": "==0.23.1"
        },
        "more-itertools": {
            "hashes": [
                "sha256:43e6dd9942dffd72661a2c4ef383ad7da1e6a3e968a927ad7a6083ab410a688b",
                "sha256:7dc6ad46f05f545f900dd59e8dfb4e84a4827b97b3cfecb175ea0c7d247f6064"
            ],
            "markers": "python_version >= '3.5'",
            "version": "==8.12.0"
        },
        "packaging": {
            "hashes": [
                "sha256:dd47c42927d89ab911e606518907cc2d3a1f38bbd026385970643f9c5b8ecfeb",
                "sha256:ef103e05f519cdc783ae24ea4e2e0f508a9c99b2d4969652eed6a2e1ea5bd522"
            ],
            "markers": "python_version >= '3.6'",
            "version": "==21.3"
        },
        "pluggy": {
            "hashes": [
                "sha256:15b2acde666561e1298d71b523007ed7364de07029219b604cf808bfa1c765b0",
                "sha256:966c145cd83c96502c3c3868f50408687b38434af77734af1e9ca461a4081d2d"
            ],
            "markers": "python_version >= '2.7' and python_version not in '3.0, 3.1, 3.2, 3.3'",
            "version": "==0.13.1"
        },
        "prompt-toolkit": {
            "hashes": [
                "sha256:1bb05628c7d87b645974a1bad3f17612be0c29fa39af9f7688030163f680bad6",
                "sha256:e56f2ff799bacecd3e88165b1e2f5ebf9bcd59e80e06d395fa0cc4b8bd7bb506"
            ],
            "markers": "python_full_version >= '3.6.2'",
            "version": "==3.0.24"
        },
        "py": {
            "hashes": [
                "sha256:51c75c4126074b472f746a24399ad32f6053d1b34b68d2fa41e558e6f4a98719",
                "sha256:607c53218732647dff4acdfcd50cb62615cedf612e72d1724fb1a0cc6405b378"
            ],
            "markers": "python_version >= '2.7' and python_version not in '3.0, 3.1, 3.2, 3.3, 3.4'",
            "version": "==1.11.0"
        },
        "pymongo": {
            "hashes": [
                "sha256:06b64cdf5121f86b78a84e61b8f899b6988732a8d304b503ea1f94a676221c06",
                "sha256:07398d8a03545b98282f459f2603a6bb271f4448d484ed7f411121a519a7ea48",
                "sha256:0a02313e71b7c370c43056f6b16c45effbb2d29a44d24403a3d5ba6ed322fa3f",
                "sha256:0a89cadc0062a5e53664dde043f6c097172b8c1c5f0094490095282ff9995a5f",
                "sha256:0be605bfb8461384a4cb81e80f51eb5ca1b89851f2d0e69a75458c788a7263a4",
                "sha256:0d52a70350ec3dfc39b513df12b03b7f4c8f8ec6873bbf958299999db7b05eb1",
                "sha256:0e7a5d0b9077e8c3e57727f797ee8adf12e1d5e7534642230d98980d160d1320",
                "sha256:145d78c345a38011497e55aff22c0f8edd40ee676a6810f7e69563d68a125e83",
                "sha256:14dee106a10b77224bba5efeeb6aee025aabe88eb87a2b850c46d3ee55bdab4a",
                "sha256:176fdca18391e1206c32fb1d8265628a84d28333c20ad19468d91e3e98312cd1",
                "sha256:1b4c535f524c9d8c86c3afd71d199025daa070859a2bdaf94a298120b0de16db",
                "sha256:1b5cb75d2642ff7db823f509641f143f752c0d1ab03166cafea1e42e50469834",
                "sha256:1c6c71e198b36f0f0dfe354f06d3655ecfa30d69493a1da125a9a54668aad652",
                "sha256:1c771f1a8b3cd2d697baaf57e9cfa4ae42371cacfbea42ea01d9577c06d92f96",
                "sha256:208a61db8b8b647fb5b1ff3b52b4ed6dbced01eac3b61009958adb203596ee99",
                "sha256:2157d68f85c28688e8b723bbe70c8013e0aba5570e08c48b3562f74d33fc05c4",
                "sha256:2301051701b27aff2cbdf83fae22b7ca883c9563dfd088033267291b46196643",
                "sha256:2567885ff0c8c7c0887ba6cefe4ae4af96364a66a7069f924ce0cd12eb971d04",
                "sha256:2577b8161eeae4dd376d13100b2137d883c10bb457dd08935f60c9f9d4b5c5f6",
                "sha256:27e5ea64332385385b75414888ce9d1a9806be8616d7cef4ef409f4f256c6d06",
                "sha256:28bfd5244d32faf3e49b5a8d1fab0631e922c26e8add089312e4be19fb05af50",
                "sha256:295a5beaecb7bf054c1c6a28749ed72b19f4d4b61edcd8a0815d892424baf780",
                "sha256:2c46a0afef69d61938a6fe32c3afd75b91dec3ab3056085dc72abbeedcc94166",
                "sha256:3100a2352bdded6232b385ceda0c0a4624598c517d52c2d8cf014b7abbebd84d",
                "sha256:320a1fe403dd83a35709fcf01083d14bc1462e9789b711201349a9158db3a87e",
                "sha256:320f8734553c50cffe8a8e1ae36dfc7d7be1941c047489db20a814d2a170d7b5",
                "sha256:33ab8c031f788609924e329003088831045f683931932a52a361d4a955b7dce2",
                "sha256:3492ae1f97209c66af70e863e6420e6301cecb0a51a5efa701058aa73a8ca29e",
                "sha256:351a2efe1c9566c348ad0076f4bf541f4905a0ebe2d271f112f60852575f3c16",
                "sha256:3f0ac6e0203bd88863649e6ed9c7cfe53afab304bc8225f2597c4c0a74e4d1f0",
                "sha256:3fedad05147b40ff8a93fcd016c421e6c159f149a2a481cfa0b94bfa3e473bab",
                "sha256:4294f2c1cd069b793e31c2e6d7ac44b121cf7cedccd03ebcc30f3fc3417b314a",
                "sha256:463b974b7f49d65a16ca1435bc1c25a681bb7d630509dd23b2e819ed36da0b7f",
                "sha256:4e0a3ea7fd01cf0a36509f320226bd8491e0f448f00b8cb89f601c109f6874e1",
                "sha256:514e78d20d8382d5b97f32b20c83d1d0452c302c9a135f0a9022236eb9940fda",
                "sha256:517b09b1dd842390a965a896d1327c55dfe78199c9f5840595d40facbcd81854",
                "sha256:51d1d061df3995c2332ae78f036492cc188cb3da8ef122caeab3631a67bb477e",
                "sha256:5296669bff390135528001b4e48d33a7acaffcd361d98659628ece7f282f11aa",
                "sha256:5296e5e69243ffd76bd919854c4da6630ae52e46175c804bc4c0e050d937b705",
                "sha256:58db209da08a502ce6948841d522dcec80921d714024354153d00b054571993c",
                "sha256:5b779e87300635b8075e8d5cfd4fdf7f46078cd7610c381d956bca5556bb8f97",
                "sha256:5cf113a46d81cff0559d57aa66ffa473d57d1a9496f97426318b6b5b14fdec1c",
                "sha256:5d20072d81cbfdd8e15e6a0c91fc7e3a4948c71e0adebfc67d3b4bcbe8602711",
                "sha256:5d67dbc8da2dac1644d71c1839d12d12aa333e266a9964d5b1a49feed036bc94",
                "sha256:5f530f35e1a57d4360eddcbed6945aecdaee2a491cd3f17025e7b5f2eea88ee7",
                "sha256:5fdffb0cfeb4dc8646a5381d32ec981ae8472f29c695bf09e8f7a8edb2db12ca",
                "sha256:602284e652bb56ca8760f8e88a5280636c5b63d7946fca1c2fe0f83c37dffc64",
                "sha256:648fcfd8e019b122b7be0e26830a3a2224d57c3e934f19c1e53a77b8380e6675",
                "sha256:64b9122be1c404ce4eb367ad609b590394587a676d84bfed8e03c3ce76d70560",
                "sha256:6526933760ee1e6090db808f1690a111ec409699c1990efc96f134d26925c37f",
                "sha256:6632b1c63d58cddc72f43ab9f17267354ddce563dd5e11eadabd222dcc808808",
                "sha256:6f93dbfa5a461107bc3f5026e0d5180499e13379e9404f07a9f79eb5e9e1303d",
                "sha256:71c0db2c313ea8a80825fb61b7826b8015874aec29ee6364ade5cb774fe4511b",
                "sha256:71c5c200fd37a5322706080b09c3ec8907cf01c377a7187f354fc9e9e13abc73",
                "sha256:7738147cd9dbd6d18d5593b3491b4620e13b61de975fd737283e4ad6c255c273",
                "sha256:7a6e4dccae8ef5dd76052647d78f02d5d0ffaff1856277d951666c54aeba3ad2",
                "sha256:7b4a9fcd95e978cd3c96cdc2096aa54705266551422cf0883c12a4044def31c6",
                "sha256:80710d7591d579442c67a3bc7ae9dcba9ff95ea8414ac98001198d894fc4ff46",
                "sha256:81a3ebc33b1367f301d1c8eda57eec4868e951504986d5d3fe437479dcdac5b2",
                "sha256:8455176fd1b86de97d859fed4ae0ef867bf998581f584c7a1a591246dfec330f",
                "sha256:845b178bd127bb074835d2eac635b980c58ec5e700ebadc8355062df708d5a71",
                "sha256:87e18f29bac4a6be76a30e74de9c9005475e27100acf0830679420ce1fd9a6fd",
                "sha256:89d7baa847383b9814de640c6f1a8553d125ec65e2761ad146ea2e75a7ad197c",
                "sha256:8c7ad5cab282f53b9d78d51504330d1c88c83fbe187e472c07e6908a0293142e",
                "sha256:8d92c6bb9174d47c2257528f64645a00bbc6324a9ff45a626192797aff01dc14",
                "sha256:9252c991e8176b5a2fa574c5ab9a841679e315f6e576eb7cf0bd958f3e39b0ad",
                "sha256:93111fd4e08fa889c126aa8baf5c009a941880a539c87672e04583286517450a",
                "sha256:95d15cf81cd2fb926f2a6151a9f94c7aacc102b415e72bc0e040e29332b6731c",
                "sha256:9d5b66d457d2c5739c184a777455c8fde7ab3600a56d8bbebecf64f7c55169e1",
                "sha256:a055d29f1302892a9389a382bed10a3f77708bcf3e49bfb76f7712fa5f391cc6",
                "sha256:a1ba93be779a9b8e5e44f5c133dc1db4313661cead8a2fd27661e6cb8d942ee9",
                "sha256:a283425e6a474facd73072d8968812d1d9058490a5781e022ccf8895500b83ce",
                "sha256:a351986d6c9006308f163c359ced40f80b6cffb42069f3e569b979829951038d",
                "sha256:a766157b195a897c64945d4ff87b050bb0e763bb78f3964e996378621c703b00",
                "sha256:a8a3540e21213cb8ce232e68a7d0ee49cdd35194856c50b8bd87eeb572fadd42",
                "sha256:a8e0a086dbbee406cc6f603931dfe54d1cb2fba585758e06a2de01037784b737",
                "sha256:ab23b0545ec71ea346bf50a5d376d674f56205b729980eaa62cdb7871805014b",
                "sha256:b0db9a4691074c347f5d7ee830ab3529bc5ad860939de21c1f9c403daf1eda9a",
                "sha256:b1b5be40ebf52c3c67ee547e2c4435ed5bc6352f38d23e394520b686641a6be4",
                "sha256:b3e08aef4ea05afbc0a70cd23c13684e7f5e074f02450964ec5cfa1c759d33d2",
                "sha256:b7df0d99e189b7027d417d4bfd9b8c53c9c7ed5a0a1495d26a6f547d820eca88",
                "sha256:be1f10145f7ea76e3e836fdc5c8429c605675bdcddb0bca9725ee6e26874c00c",
                "sha256:bf254a1a95e95fdf4eaa25faa1ea450a6533ed7a997f9f8e49ab971b61ea514d",
                "sha256:bfc2d763d05ec7211313a06e8571236017d3e61d5fef97fcf34ec4b36c0b6556",
                "sha256:c164eda0be9048f83c24b9b2656900041e069ddf72de81c17d874d0c32f6079f",
                "sha256:c22591cff80188dd8543be0b559d0c807f7288bd353dc0bcfe539b4588b3a5cd",
                "sha256:c5f83bb59d0ff60c6fdb1f8a7b0288fbc4640b1f0fd56f5ae2387749c35d34e3",
                "sha256:c7e8221278e5f9e2b6d3893cfc3a3e46c017161a57bb0e6f244826e4cee97916",
                "sha256:c8d6bf6fcd42cde2f02efb8126812a010c297eacefcd090a609639d2aeda6185",
                "sha256:c8f7dd025cb0bf19e2f60a64dfc24b513c8330e0cfe4a34ccf941eafd6194d9e",
                "sha256:c9d212e2af72d5c8d082775a43eb726520e95bf1c84826440f74225843975136",
                "sha256:cebb3d8bcac4a6b48be65ebbc5c9881ed4a738e27bb96c86d9d7580a1fb09e05",
                "sha256:d3082e5c4d7b388792124f5e805b469109e58f1ab1eb1fbd8b998e8ab766ffb7",
                "sha256:d81047341ab56061aa4b6823c54d4632579c3b16e675089e8f520e9b918a133b",
                "sha256:d81299f63dc33cc172c26faf59cc54dd795fc6dd5821a7676cca112a5ee8bbd6",
                "sha256:dfa217bf8cf3ff6b30c8e6a89014e0c0e7b50941af787b970060ae5ba04a4ce5",
                "sha256:dfec57f15f53d677b8e4535695ff3f37df7f8fe431f2efa8c3c8c4025b53d1eb",
                "sha256:e099b79ccf7c40f18b149a64d3d10639980035f9ceb223169dd806ff1bb0d9cc",
                "sha256:e1fc4d3985868860b6585376e511bb32403c5ffb58b0ed913496c27fd791deea",
                "sha256:e2b4c95c47fb81b19ea77dc1c50d23af3eba87c9628fcc2e03d44124a3d336ea",
                "sha256:e4e5d163e6644c2bc84dd9f67bfa89288c23af26983d08fefcc2cbc22f6e57e6",
                "sha256:e66b3c9f8b89d4fd58a59c04fdbf10602a17c914fbaaa5e6ea593f1d54b06362",
                "sha256:ed7d11330e443aeecab23866055e08a5a536c95d2c25333aeb441af2dbac38d2",
                "sha256:f340a2a908644ea6cccd399be0fb308c66e05d2800107345f9f0f0d59e1731c4",
                "sha256:f38b35ecd2628bf0267761ed659e48af7e620a7fcccfccf5774e7308fb18325c",
                "sha256:f6d5443104f89a840250087863c91484a72f254574848e951d1bdd7d8b2ce7c9",
                "sha256:fc2048d13ff427605fea328cbe5369dce549b8c7657b0e22051a5b8831170af6"
            ],
            "version": "==3.12.3"
        },
        "pyparsing": {
            "hashes": [
                "sha256:04ff808a5b90911829c55c4e26f75fa5ca8a2f5f36aa3a51f68e27033341d3e4",
                "sha256:d9bdec0013ef1eb5a84ab39a3b3868911598afa494f5faa038647101504e2b81"
            ],
            "markers": "python_version >= '3.6'",
            "version": "==3.0.6"
        },
        "pytest": {
            "hashes": [
                "sha256:6b571215b5a790f9b41f19f3531c53a45cf6bb8ef2988bc1ff9afb38270b25fa",
                "sha256:e41d489ff43948babd0fad7ad5e49b8735d5d55e26628a58673c39ff61d95de4"
            ],
            "index": "pypi",
            "version": "==5.3.2"
        },
        "python-dateutil": {
            "hashes": [
                "sha256:0123cacc1627ae19ddf3c27a5de5bd67ee4586fbdd6440d9748f8abb483d3e86",
                "sha256:961d03dc3453ebbc59dbdea9e4e11c5651520a876d0f4db161e8674aae935da9"
            ],
            "markers": "python_version >= '2.7' and python_version not in '3.0, 3.1, 3.2, 3.3'",
            "version": "==2.8.2"
        },
        "python-dotenv": {
            "hashes": [
                "sha256:debd928b49dbc2bf68040566f55cdb3252458036464806f4094487244e2a4093",
                "sha256:f157d71d5fec9d4bd5f51c82746b6344dffa680ee85217c123f4a0c8117c4544"
            ],
            "index": "pypi",
            "version": "==0.10.3"
        },
        "pytz": {
            "hashes": [
                "sha256:3672058bc3453457b622aab7a1c3bfd5ab0bdae451512f6cf25f64ed37f5b87c",
                "sha256:acad2d8b20a1af07d4e4c9d2e9285c5ed9104354062f275f3fcd88dcef4f1326"
            ],
            "version": "==2021.3"
        },
        "redis": {
            "hashes": [
                "sha256:3613daad9ce5951e426f460deddd5caf469e08a3af633e9578fc77d362becf62",
                "sha256:8d0fc278d3f5e1249967cba2eb4a5632d19e45ce5c09442b8422d15ee2c22cc2"
            ],
            "index": "pypi",
            "version": "==3.3.11"
        },
        "setuptools": {
            "hashes": [
                "sha256:2932bfeb248c648dc411ea9714d5a6de7a33ef1a0db2f0fce644d8172b0479e8",
                "sha256:2b62b3dbec1fe95585dadf3bd9a014c8c578624918190428c3a7994bb52ae2b8"
            ],
            "markers": "python_version >= '3.7'",
            "version": "==60.3.1"
        },
        "six": {
            "hashes": [
                "sha256:1e61c37477a1626458e36f7b1d82aa5c9b094fa4802892072e49de9c60c4c926",
                "sha256:8abb2f1d86890a2dfb989f9a77cfcfd3e47c2a354b01111771326f8aa26e0254"
            ],
            "markers": "python_version >= '2.7' and python_version not in '3.0, 3.1, 3.2, 3.3'",
            "version": "==1.16.0"
        },
        "sqlalchemy": {
            "hashes": [
                "sha256:0072f9887aabe66db23f818bbe950cfa1b6127c5cb769b00bcc07935b3adb0ad",
                "sha256:027f356c727db24f3c75828c7feb426f87ce1241242d08958e454bd025810660",
                "sha256:08cfd35eecaba79be930c9bfd2e1f0c67a7e1314355d83a378f9a512b1cf7587",
                "sha256:0fc4eec2f46b40bdd42112b3be3fbbf88e194bcf02950fbb88bcdc1b32f07dc7",
                "sha256:101d2e100ba9182c9039699588e0b2d833c54b3bad46c67c192159876c9f27ea",
                "sha256:15b65887b6c324cad638c7671cb95985817b733242a7eb69edd7cdf6953be1e0",
                "sha256:37b46bfc4af3dc226acb6fa28ecd2e1fd223433dc5e15a2bad62bf0a0cbb4e8b",
                "sha256:56d9d62021946263d4478c9ca012fbd1805f10994cb615c88e7bfd1ae14604d8",
                "sha256:5919e647e1d4805867ea556ed4967c68b4d8b266059fa35020dbaed8ffdd60f3",
                "sha256:5a717c2e70fd1bb477161c4cc85258e41d978584fbe5522613618195f7e87d9b",
                "sha256:5e9cd33459afa69c88fa648e803d1f1245e3caa60bfe8b80a9595e5edd3bda9c",
                "sha256:621854dbb4d2413c759a5571564170de45ef37299df52e78e62b42e2880192e1",
                "sha256:78abc507d17753ed434b6cc0c0693126279723d5656d9775bfcac966a99a899b",
                "sha256:7dd0502cb091660ad0d89c5e95a29825f37cde2a5249957838e975871fbffaad",
                "sha256:804e22d5b6165a4f3f019dd9c94bec5687de985a9c54286b93ded9f7846b8c82",
                "sha256:878daecb6405e786b07f97e1c77a9cfbbbec17432e8a90c487967e32cfdecb33",
                "sha256:886359f734b95ad1ef443b13bb4518bcade4db4f9553c9ce33d6d04ebda8d44e",
                "sha256:9ce960a1dc60524136cf6f75621588e2508a117e04a6e3eedb0968bd13b8c824",
                "sha256:ad618d687d26d4cbfa9c6fa6141d59e05bcdfc60cb6e1f1d3baa18d8c62fef5f",
                "sha256:c5de7adfb91d351f44062b8dedf29f49d4af7cb765be65816e79223a4e31062b",
                "sha256:ceac84dd9abbbe115e8be0c817bed85d9fa639b4d294e7817f9e61162d5f766c",
                "sha256:da64423c05256f4ab8c0058b90202053b201cbe3a081f3a43eb590cd554395ab",
                "sha256:dc27dcc6c72eb38be7f144e9c2c4372d35a3684d3a6dd43bd98c1238358ee17c",
                "sha256:dd49d21d1f03c81fbec9080ecdc4486d5ddda67e7fbb75ebf48294465c022cdc",
                "sha256:debaf09a823061f88a8dee04949814cf7e82fb394c5bca22c780cb03172ca23b",
                "sha256:e027bdf0a4cf6bd0a3ad3b998643ea374d7991bd117b90bf9982e41ceb742941",
                "sha256:e4ddd4f2e247128c58bb3dd4489922874afce157d2cff0b2295d67fcd0f22494",
                "sha256:e5f6959466a42b6569774c257e55f9cd85200d5b0ba09f0f5d8b5845349c5822",
                "sha256:e89347d3bd2ef873832b47e85f4bbd810a5e626c5e749d90a07638da100eb1c8",
                "sha256:e9cc6d844e24c307c3272677982a9b33816aeb45e4977791c3bdd47637a8d810",
                "sha256:eb8c993706e86178ce15a6b86a335a2064f52254b640e7f53365e716423d33f4",
                "sha256:eeaebceb24b46e884c4ad3c04f37feb178b81f6ce720af19bfa2592ca32fdef7",
                "sha256:f3909194751bb6cb7c5511dd18bcf77e6e3f0b31604ed4004dffa9461f71e737",
                "sha256:f74d6c05d2d163464adbdfbc1ab85048cc15462ff7d134b8aed22bd521e1faa5",
                "sha256:fa2bad14e1474ba649cfc969c1d2ec915dd3e79677f346bbfe08e93ef9020b39",
                "sha256:fbc6e63e481fa323036f305ada96a3362e1d60dd2bfa026cac10c3553e6880e9"
            ],
            "markers": "python_version >= '2.7' and python_version not in '3.0, 3.1, 3.2, 3.3, 3.4, 3.5'",
            "version": "==1.4.29"
        },
        "typing-extensions": {
            "hashes": [
                "sha256:4ca091dea149f945ec56afb48dae714f21e8692ef22a395223bcd328961b6a0e",
                "sha256:7f001e5ac290a0c0401508864c7ec868be4e701886d5b573a9528ed3973d9d3b"
            ],
            "markers": "python_version < '3.8'",
            "version": "==4.0.1"
        },
        "urllib3": {
            "hashes": [
                "sha256:4987c65554f7a2dbf30c18fd48778ef124af6fab771a377103da0585e2336ece",
                "sha256:c4fdf4019605b6e5423637e01bc9fe4daef873709a7973e195ceba0a62bbc844"
            ],
            "markers": "python_version >= '2.7' and python_version not in '3.0, 3.1, 3.2, 3.3, 3.4' and python_version < '4'",
            "version": "==1.26.7"
        },
        "vine": {
            "hashes": [
                "sha256:4c9dceab6f76ed92105027c49c823800dd33cacce13bdedc5b914e3514b7fb30",
                "sha256:7d3b1624a953da82ef63462013bbd271d3eb75751489f9807598e8f340bd637e"
            ],
            "markers": "python_version >= '3.6'",
            "version": "==5.0.0"
        },
        "wcwidth": {
            "hashes": [
                "sha256:beb4802a9cebb9144e99086eff703a642a13d6a0052920003a230f3294bbe784",
                "sha256:c4d647b99872929fdb7bdcaa4fbe7f01413ed3d98077df798530e5b04f116c83"
            ],
            "version": "==0.2.5"
        },
        "werkzeug": {
            "hashes": [
                "sha256:63d3dc1cf60e7b7e35e97fa9861f7397283b75d765afcaefd993d6046899de8f",
                "sha256:aa2bb6fc8dee8d6c504c0ac1e7f5f7dc5810a9903e793b6f715a9f015bdadb9a"
            ],
            "markers": "python_version >= '3.6'",
            "version": "==2.0.2"
        },
        "wtforms": {
            "hashes": [
                "sha256:6b351bbb12dd58af57ffef05bc78425d08d1914e0fd68ee14143b7ade023c5bc",
                "sha256:837f2f0e0ca79481b92884962b914eba4e72b7a2daaf1f939c890ed0124b834b"
            ],
            "markers": "python_version >= '3.7'",
            "version": "==3.0.1"
        },
        "zipp": {
            "hashes": [
                "sha256:9f50f446828eb9d45b267433fd3e9da8d801f614129124863f9c51ebceafb87d",
                "sha256:b47250dd24f92b7dd6a0a8fc5244da14608f3ca90a5efcd37a3b1642fac9a375"
            ],
            "markers": "python_version >= '3.7'",
            "version": "==3.7.0"
        }
    },
    "develop": {}
}
